// !$*UTF8*$!
{
	archiveVersion = 1;
	classes = {
	};
	objectVersion = 56;
	objects = {

/* Begin PBXBuildFile section */
		2C262B0E298A19CB004C622C /* TaskType.swift in Sources */ = {isa = PBXBuildFile; fileRef = 2C262B0D298A19CB004C622C /* TaskType.swift */; };
		2C262B10298A19D4004C622C /* TaskStatus.swift in Sources */ = {isa = PBXBuildFile; fileRef = 2C262B0F298A19D4004C622C /* TaskStatus.swift */; };
		2C262B12298A19EC004C622C /* TaskItem.swift in Sources */ = {isa = PBXBuildFile; fileRef = 2C262B11298A19EC004C622C /* TaskItem.swift */; };
		2C262B15298A1A0E004C622C /* Date.swift in Sources */ = {isa = PBXBuildFile; fileRef = 2C262B14298A1A0E004C622C /* Date.swift */; };
		2C262B18298A1A4A004C622C /* Constants.swift in Sources */ = {isa = PBXBuildFile; fileRef = 2C262B17298A1A4A004C622C /* Constants.swift */; };
		2C262B1A298A1A54004C622C /* SFSymbols.swift in Sources */ = {isa = PBXBuildFile; fileRef = 2C262B19298A1A54004C622C /* SFSymbols.swift */; };
		2C262B1D298A1AAC004C622C /* SettingsView.swift in Sources */ = {isa = PBXBuildFile; fileRef = 2C262B1C298A1AAC004C622C /* SettingsView.swift */; };
		2C2AED322991AF28000C5399 /* View.swift in Sources */ = {isa = PBXBuildFile; fileRef = 2C2AED312991AF28000C5399 /* View.swift */; };
		2C5F7A07299DC0390008BADB /* UserDefaultWrapper.swift in Sources */ = {isa = PBXBuildFile; fileRef = 2C5F7A06299DC0390008BADB /* UserDefaultWrapper.swift */; };
		2C5F7A0B299DC0B60008BADB /* Preferences.swift in Sources */ = {isa = PBXBuildFile; fileRef = 2C5F7A0A299DC0B60008BADB /* Preferences.swift */; };
		2C5F7A0D299DC0F40008BADB /* PublisherObservableObject.swift in Sources */ = {isa = PBXBuildFile; fileRef = 2C5F7A0C299DC0F40008BADB /* PublisherObservableObject.swift */; };
		2C5F7A0F299DC1180008BADB /* PreferenceWrapper.swift in Sources */ = {isa = PBXBuildFile; fileRef = 2C5F7A0E299DC1180008BADB /* PreferenceWrapper.swift */; };
		2C5F7A11299DC1310008BADB /* SchemeType.swift in Sources */ = {isa = PBXBuildFile; fileRef = 2C5F7A10299DC1310008BADB /* SchemeType.swift */; };
		2C5F7A13299DC1480008BADB /* SchemeModifier.swift in Sources */ = {isa = PBXBuildFile; fileRef = 2C5F7A12299DC1480008BADB /* SchemeModifier.swift */; };
		2C5F7A15299DCBA40008BADB /* HapticManager.swift in Sources */ = {isa = PBXBuildFile; fileRef = 2C5F7A14299DCBA40008BADB /* HapticManager.swift */; };
		2C74150B298B2579006CECDA /* Launch Screen.storyboard in Resources */ = {isa = PBXBuildFile; fileRef = 2C74150A298B2579006CECDA /* Launch Screen.storyboard */; };
		2C7AC3D3299AE94300BC9D10 /* UserDefaultsKey.swift in Sources */ = {isa = PBXBuildFile; fileRef = 2C7AC3D2299AE94300BC9D10 /* UserDefaultsKey.swift */; };
		2C7AC3D6299AEE0E00BC9D10 /* PendingView.swift in Sources */ = {isa = PBXBuildFile; fileRef = 2C7AC3D5299AEE0E00BC9D10 /* PendingView.swift */; };
		2C7AC3D8299AEE4C00BC9D10 /* AppState.swift in Sources */ = {isa = PBXBuildFile; fileRef = 2C7AC3D7299AEE4C00BC9D10 /* AppState.swift */; };
		2C8C35ED2984934E00DCEA67 /* TaskGuruApp.swift in Sources */ = {isa = PBXBuildFile; fileRef = 2C8C35EC2984934E00DCEA67 /* TaskGuruApp.swift */; };
		2C8C35EF2984934E00DCEA67 /* HomeView.swift in Sources */ = {isa = PBXBuildFile; fileRef = 2C8C35EE2984934E00DCEA67 /* HomeView.swift */; };
		2C8C35F12984934E00DCEA67 /* Assets.xcassets in Resources */ = {isa = PBXBuildFile; fileRef = 2C8C35F02984934E00DCEA67 /* Assets.xcassets */; };
		2C8C35F42984934E00DCEA67 /* Preview Assets.xcassets in Resources */ = {isa = PBXBuildFile; fileRef = 2C8C35F32984934E00DCEA67 /* Preview Assets.xcassets */; };
		2C9B44DE299C63E900EE5232 /* AppDelegate.swift in Sources */ = {isa = PBXBuildFile; fileRef = 2C9B44DD299C63E900EE5232 /* AppDelegate.swift */; };
		2C9B44E0299C642A00EE5232 /* UIApplication.swift in Sources */ = {isa = PBXBuildFile; fileRef = 2C9B44DF299C642A00EE5232 /* UIApplication.swift */; };
		2C9B44E4299C68ED00EE5232 /* OnboardFeature.swift in Sources */ = {isa = PBXBuildFile; fileRef = 2C9B44E3299C68ED00EE5232 /* OnboardFeature.swift */; };
		2C9B44E6299C692C00EE5232 /* OnboardingView.swift in Sources */ = {isa = PBXBuildFile; fileRef = 2C9B44E5299C692C00EE5232 /* OnboardingView.swift */; };
		2C9B44E8299C697600EE5232 /* OnboardingContainerView.swift in Sources */ = {isa = PBXBuildFile; fileRef = 2C9B44E7299C697600EE5232 /* OnboardingContainerView.swift */; };
		D033E52629913E8B00F9AF2A /* DetailView.swift in Sources */ = {isa = PBXBuildFile; fileRef = D033E52529913E8B00F9AF2A /* DetailView.swift */; };
		D033E52829913ECA00F9AF2A /* DetailGridCell.swift in Sources */ = {isa = PBXBuildFile; fileRef = D033E52729913ECA00F9AF2A /* DetailGridCell.swift */; };
		D033E52B29913F1A00F9AF2A /* EditView.swift in Sources */ = {isa = PBXBuildFile; fileRef = D033E52A29913F1A00F9AF2A /* EditView.swift */; };
/* End PBXBuildFile section */

/* Begin PBXFileReference section */
		2C262B0D298A19CB004C622C /* TaskType.swift */ = {isa = PBXFileReference; lastKnownFileType = sourcecode.swift; path = TaskType.swift; sourceTree = "<group>"; };
		2C262B0F298A19D4004C622C /* TaskStatus.swift */ = {isa = PBXFileReference; lastKnownFileType = sourcecode.swift; path = TaskStatus.swift; sourceTree = "<group>"; };
		2C262B11298A19EC004C622C /* TaskItem.swift */ = {isa = PBXFileReference; lastKnownFileType = sourcecode.swift; path = TaskItem.swift; sourceTree = "<group>"; };
		2C262B14298A1A0E004C622C /* Date.swift */ = {isa = PBXFileReference; lastKnownFileType = sourcecode.swift; path = Date.swift; sourceTree = "<group>"; };
		2C262B17298A1A4A004C622C /* Constants.swift */ = {isa = PBXFileReference; lastKnownFileType = sourcecode.swift; path = Constants.swift; sourceTree = "<group>"; };
		2C262B19298A1A54004C622C /* SFSymbols.swift */ = {isa = PBXFileReference; lastKnownFileType = sourcecode.swift; path = SFSymbols.swift; sourceTree = "<group>"; };
		2C262B1C298A1AAC004C622C /* SettingsView.swift */ = {isa = PBXFileReference; lastKnownFileType = sourcecode.swift; path = SettingsView.swift; sourceTree = "<group>"; };
		2C2AED312991AF28000C5399 /* View.swift */ = {isa = PBXFileReference; lastKnownFileType = sourcecode.swift; path = View.swift; sourceTree = "<group>"; };
		2C5F7A06299DC0390008BADB /* UserDefaultWrapper.swift */ = {isa = PBXFileReference; lastKnownFileType = sourcecode.swift; path = UserDefaultWrapper.swift; sourceTree = "<group>"; };
		2C5F7A0A299DC0B60008BADB /* Preferences.swift */ = {isa = PBXFileReference; lastKnownFileType = sourcecode.swift; path = Preferences.swift; sourceTree = "<group>"; };
		2C5F7A0C299DC0F40008BADB /* PublisherObservableObject.swift */ = {isa = PBXFileReference; lastKnownFileType = sourcecode.swift; path = PublisherObservableObject.swift; sourceTree = "<group>"; };
		2C5F7A0E299DC1180008BADB /* PreferenceWrapper.swift */ = {isa = PBXFileReference; lastKnownFileType = sourcecode.swift; path = PreferenceWrapper.swift; sourceTree = "<group>"; };
		2C5F7A10299DC1310008BADB /* SchemeType.swift */ = {isa = PBXFileReference; lastKnownFileType = sourcecode.swift; path = SchemeType.swift; sourceTree = "<group>"; };
		2C5F7A12299DC1480008BADB /* SchemeModifier.swift */ = {isa = PBXFileReference; lastKnownFileType = sourcecode.swift; path = SchemeModifier.swift; sourceTree = "<group>"; };
		2C5F7A14299DCBA40008BADB /* HapticManager.swift */ = {isa = PBXFileReference; lastKnownFileType = sourcecode.swift; path = HapticManager.swift; sourceTree = "<group>"; };
		2C74150A298B2579006CECDA /* Launch Screen.storyboard */ = {isa = PBXFileReference; lastKnownFileType = file.storyboard; path = "Launch Screen.storyboard"; sourceTree = "<group>"; };
		2C7AC3D2299AE94300BC9D10 /* UserDefaultsKey.swift */ = {isa = PBXFileReference; lastKnownFileType = sourcecode.swift; path = UserDefaultsKey.swift; sourceTree = "<group>"; };
		2C7AC3D5299AEE0E00BC9D10 /* PendingView.swift */ = {isa = PBXFileReference; lastKnownFileType = sourcecode.swift; path = PendingView.swift; sourceTree = "<group>"; };
		2C7AC3D7299AEE4C00BC9D10 /* AppState.swift */ = {isa = PBXFileReference; lastKnownFileType = sourcecode.swift; path = AppState.swift; sourceTree = "<group>"; };
		2C8C35E92984934E00DCEA67 /* TaskGuru.app */ = {isa = PBXFileReference; explicitFileType = wrapper.application; includeInIndex = 0; path = TaskGuru.app; sourceTree = BUILT_PRODUCTS_DIR; };
		2C8C35EC2984934E00DCEA67 /* TaskGuruApp.swift */ = {isa = PBXFileReference; lastKnownFileType = sourcecode.swift; path = TaskGuruApp.swift; sourceTree = "<group>"; };
		2C8C35EE2984934E00DCEA67 /* HomeView.swift */ = {isa = PBXFileReference; lastKnownFileType = sourcecode.swift; path = HomeView.swift; sourceTree = "<group>"; };
		2C8C35F02984934E00DCEA67 /* Assets.xcassets */ = {isa = PBXFileReference; lastKnownFileType = folder.assetcatalog; path = Assets.xcassets; sourceTree = "<group>"; };
		2C8C35F32984934E00DCEA67 /* Preview Assets.xcassets */ = {isa = PBXFileReference; lastKnownFileType = folder.assetcatalog; path = "Preview Assets.xcassets"; sourceTree = "<group>"; };
		2C9B44DD299C63E900EE5232 /* AppDelegate.swift */ = {isa = PBXFileReference; lastKnownFileType = sourcecode.swift; path = AppDelegate.swift; sourceTree = "<group>"; };
		2C9B44DF299C642A00EE5232 /* UIApplication.swift */ = {isa = PBXFileReference; lastKnownFileType = sourcecode.swift; path = UIApplication.swift; sourceTree = "<group>"; };
		2C9B44E3299C68ED00EE5232 /* OnboardFeature.swift */ = {isa = PBXFileReference; lastKnownFileType = sourcecode.swift; path = OnboardFeature.swift; sourceTree = "<group>"; };
		2C9B44E5299C692C00EE5232 /* OnboardingView.swift */ = {isa = PBXFileReference; lastKnownFileType = sourcecode.swift; path = OnboardingView.swift; sourceTree = "<group>"; };
		2C9B44E7299C697600EE5232 /* OnboardingContainerView.swift */ = {isa = PBXFileReference; lastKnownFileType = sourcecode.swift; path = OnboardingContainerView.swift; sourceTree = "<group>"; };
		D033E52529913E8B00F9AF2A /* DetailView.swift */ = {isa = PBXFileReference; indentWidth = 2; lastKnownFileType = sourcecode.swift; path = DetailView.swift; sourceTree = "<group>"; tabWidth = 2; usesTabs = 1; };
		D033E52729913ECA00F9AF2A /* DetailGridCell.swift */ = {isa = PBXFileReference; indentWidth = 2; lastKnownFileType = sourcecode.swift; path = DetailGridCell.swift; sourceTree = "<group>"; tabWidth = 2; usesTabs = 1; };
		D033E52A29913F1A00F9AF2A /* EditView.swift */ = {isa = PBXFileReference; indentWidth = 2; lastKnownFileType = sourcecode.swift; path = EditView.swift; sourceTree = "<group>"; tabWidth = 2; usesTabs = 1; };
/* End PBXFileReference section */

/* Begin PBXFrameworksBuildPhase section */
		2C8C35E62984934E00DCEA67 /* Frameworks */ = {
			isa = PBXFrameworksBuildPhase;
			buildActionMask = 2147483647;
			files = (
			);
			runOnlyForDeploymentPostprocessing = 0;
		};
/* End PBXFrameworksBuildPhase section */

/* Begin PBXGroup section */
		2C262B0C298A19B2004C622C /* Models */ = {
			isa = PBXGroup;
			children = (
				2C262B0D298A19CB004C622C /* TaskType.swift */,
				2C262B0F298A19D4004C622C /* TaskStatus.swift */,
				2C262B11298A19EC004C622C /* TaskItem.swift */,
			);
			path = Models;
			sourceTree = "<group>";
		};
		2C262B13298A19FE004C622C /* Extensions */ = {
			isa = PBXGroup;
			children = (
				2C262B14298A1A0E004C622C /* Date.swift */,
				2C2AED312991AF28000C5399 /* View.swift */,
				2C9B44DF299C642A00EE5232 /* UIApplication.swift */,
			);
			path = Extensions;
			sourceTree = "<group>";
		};
		2C262B16298A1A39004C622C /* Utilities */ = {
			isa = PBXGroup;
			children = (
				2C7AC3D7299AEE4C00BC9D10 /* AppState.swift */,
				2C262B17298A1A4A004C622C /* Constants.swift */,
				2C5F7A14299DCBA40008BADB /* HapticManager.swift */,
				2C5F7A10299DC1310008BADB /* SchemeType.swift */,
				2C5F7A12299DC1480008BADB /* SchemeModifier.swift */,
				2C262B19298A1A54004C622C /* SFSymbols.swift */,
				2C5F7A08299DC04F0008BADB /* Preferences */,
				2C5F7A05299DC0000008BADB /* UserDefaults */,
			);
			path = Utilities;
			sourceTree = "<group>";
		};
		2C262B1B298A1A89004C622C /* Settings */ = {
			isa = PBXGroup;
			children = (
				2C262B1C298A1AAC004C622C /* SettingsView.swift */,
			);
			path = Settings;
			sourceTree = "<group>";
		};
		2C5F7A05299DC0000008BADB /* UserDefaults */ = {
			isa = PBXGroup;
			children = (
				2C7AC3D2299AE94300BC9D10 /* UserDefaultsKey.swift */,
				2C5F7A06299DC0390008BADB /* UserDefaultWrapper.swift */,
			);
			path = UserDefaults;
			sourceTree = "<group>";
		};
		2C5F7A08299DC04F0008BADB /* Preferences */ = {
			isa = PBXGroup;
			children = (
				2C5F7A0A299DC0B60008BADB /* Preferences.swift */,
				2C5F7A09299DC0580008BADB /* Misc */,
			);
			path = Preferences;
			sourceTree = "<group>";
		};
		2C5F7A09299DC0580008BADB /* Misc */ = {
			isa = PBXGroup;
			children = (
				2C5F7A0C299DC0F40008BADB /* PublisherObservableObject.swift */,
				2C5F7A0E299DC1180008BADB /* PreferenceWrapper.swift */,
			);
			path = Misc;
			sourceTree = "<group>";
		};
		2C7AC3D4299AECB800BC9D10 /* Pending */ = {
			isa = PBXGroup;
			children = (
				2C7AC3D5299AEE0E00BC9D10 /* PendingView.swift */,
			);
			path = Pending;
			sourceTree = "<group>";
		};
		2C8C35E02984934E00DCEA67 = {
			isa = PBXGroup;
			children = (
				2C8C35EB2984934E00DCEA67 /* TaskGuru */,
				2C8C35EA2984934E00DCEA67 /* Products */,
			);
			sourceTree = "<group>";
		};
		2C8C35EA2984934E00DCEA67 /* Products */ = {
			isa = PBXGroup;
			children = (
				2C8C35E92984934E00DCEA67 /* TaskGuru.app */,
			);
			name = Products;
			sourceTree = "<group>";
		};
		2C8C35EB2984934E00DCEA67 /* TaskGuru */ = {
			isa = PBXGroup;
			children = (
				2C8C35EC2984934E00DCEA67 /* TaskGuruApp.swift */,
				2C262B0C298A19B2004C622C /* Models */,
				2C8C35FA2984950900DCEA67 /* Core */,
				2C262B13298A19FE004C622C /* Extensions */,
				2C262B16298A1A39004C622C /* Utilities */,
				2C8C35FC2984951F00DCEA67 /* Resources */,
				2C8C35F22984934E00DCEA67 /* Preview Content */,
			);
			path = TaskGuru;
			sourceTree = "<group>";
		};
		2C8C35F22984934E00DCEA67 /* Preview Content */ = {
			isa = PBXGroup;
			children = (
				2C8C35F32984934E00DCEA67 /* Preview Assets.xcassets */,
			);
			path = "Preview Content";
			sourceTree = "<group>";
		};
		2C8C35FA2984950900DCEA67 /* Core */ = {
			isa = PBXGroup;
			children = (
				2C8C35FB2984950E00DCEA67 /* Home */,
				D033E52429913E4B00F9AF2A /* Detail */,
				D033E52929913F0000F9AF2A /* Edit */,
				2C7AC3D4299AECB800BC9D10 /* Pending */,
				2C262B1B298A1A89004C622C /* Settings */,
				2C9B44E1299C68B900EE5232 /* Onboarding */,
			);
			path = Core;
			sourceTree = "<group>";
		};
		2C8C35FB2984950E00DCEA67 /* Home */ = {
			isa = PBXGroup;
			children = (
				2C8C35EE2984934E00DCEA67 /* HomeView.swift */,
			);
			path = Home;
			sourceTree = "<group>";
		};
		2C8C35FC2984951F00DCEA67 /* Resources */ = {
			isa = PBXGroup;
			children = (
				2C9B44DD299C63E900EE5232 /* AppDelegate.swift */,
				2C8C35F02984934E00DCEA67 /* Assets.xcassets */,
				2C74150A298B2579006CECDA /* Launch Screen.storyboard */,
			);
			path = Resources;
			sourceTree = "<group>";
		};
		2C9B44E1299C68B900EE5232 /* Onboarding */ = {
			isa = PBXGroup;
			children = (
				2C9B44E7299C697600EE5232 /* OnboardingContainerView.swift */,
				2C9B44E5299C692C00EE5232 /* OnboardingView.swift */,
				2C9B44E2299C68DC00EE5232 /* Model */,
			);
			path = Onboarding;
			sourceTree = "<group>";
		};
		2C9B44E2299C68DC00EE5232 /* Model */ = {
			isa = PBXGroup;
			children = (
				2C9B44E3299C68ED00EE5232 /* OnboardFeature.swift */,
			);
			path = Model;
			sourceTree = "<group>";
		};
		D033E52429913E4B00F9AF2A /* Detail */ = {
			isa = PBXGroup;
			children = (
				D033E52529913E8B00F9AF2A /* DetailView.swift */,
				D033E52729913ECA00F9AF2A /* DetailGridCell.swift */,
			);
			path = Detail;
			sourceTree = "<group>";
		};
		D033E52929913F0000F9AF2A /* Edit */ = {
			isa = PBXGroup;
			children = (
				D033E52A29913F1A00F9AF2A /* EditView.swift */,
			);
			path = Edit;
			sourceTree = "<group>";
		};
/* End PBXGroup section */

/* Begin PBXNativeTarget section */
		2C8C35E82984934E00DCEA67 /* TaskGuru */ = {
			isa = PBXNativeTarget;
			buildConfigurationList = 2C8C35F72984934E00DCEA67 /* Build configuration list for PBXNativeTarget "TaskGuru" */;
			buildPhases = (
				2C8C35E52984934E00DCEA67 /* Sources */,
				2C8C35E62984934E00DCEA67 /* Frameworks */,
				2C8C35E72984934E00DCEA67 /* Resources */,
			);
			buildRules = (
			);
			dependencies = (
			);
			name = TaskGuru;
			productName = TaskGuru;
			productReference = 2C8C35E92984934E00DCEA67 /* TaskGuru.app */;
			productType = "com.apple.product-type.application";
		};
/* End PBXNativeTarget section */

/* Begin PBXProject section */
		2C8C35E12984934E00DCEA67 /* Project object */ = {
			isa = PBXProject;
			attributes = {
				BuildIndependentTargetsInParallel = 1;
				LastSwiftUpdateCheck = 1420;
				LastUpgradeCheck = 1420;
				TargetAttributes = {
					2C8C35E82984934E00DCEA67 = {
						CreatedOnToolsVersion = 14.2;
					};
				};
			};
			buildConfigurationList = 2C8C35E42984934E00DCEA67 /* Build configuration list for PBXProject "TaskGuru" */;
			compatibilityVersion = "Xcode 14.0";
			developmentRegion = en;
			hasScannedForEncodings = 0;
			knownRegions = (
				en,
				Base,
			);
			mainGroup = 2C8C35E02984934E00DCEA67;
			productRefGroup = 2C8C35EA2984934E00DCEA67 /* Products */;
			projectDirPath = "";
			projectRoot = "";
			targets = (
				2C8C35E82984934E00DCEA67 /* TaskGuru */,
			);
		};
/* End PBXProject section */

/* Begin PBXResourcesBuildPhase section */
		2C8C35E72984934E00DCEA67 /* Resources */ = {
			isa = PBXResourcesBuildPhase;
			buildActionMask = 2147483647;
			files = (
				2C74150B298B2579006CECDA /* Launch Screen.storyboard in Resources */,
				2C8C35F42984934E00DCEA67 /* Preview Assets.xcassets in Resources */,
				2C8C35F12984934E00DCEA67 /* Assets.xcassets in Resources */,
			);
			runOnlyForDeploymentPostprocessing = 0;
		};
/* End PBXResourcesBuildPhase section */

/* Begin PBXSourcesBuildPhase section */
		2C8C35E52984934E00DCEA67 /* Sources */ = {
			isa = PBXSourcesBuildPhase;
			buildActionMask = 2147483647;
			files = (
				2C9B44E0299C642A00EE5232 /* UIApplication.swift in Sources */,
				2C2AED322991AF28000C5399 /* View.swift in Sources */,
				2C5F7A15299DCBA40008BADB /* HapticManager.swift in Sources */,
				2C8C35EF2984934E00DCEA67 /* HomeView.swift in Sources */,
				2C262B15298A1A0E004C622C /* Date.swift in Sources */,
				2C5F7A0D299DC0F40008BADB /* PublisherObservableObject.swift in Sources */,
				2C5F7A13299DC1480008BADB /* SchemeModifier.swift in Sources */,
				D033E52B29913F1A00F9AF2A /* EditView.swift in Sources */,
				D033E52829913ECA00F9AF2A /* DetailGridCell.swift in Sources */,
				2C262B12298A19EC004C622C /* TaskItem.swift in Sources */,
				D033E52629913E8B00F9AF2A /* DetailView.swift in Sources */,
				2C262B1D298A1AAC004C622C /* SettingsView.swift in Sources */,
				2C262B0E298A19CB004C622C /* TaskType.swift in Sources */,
				2C5F7A0B299DC0B60008BADB /* Preferences.swift in Sources */,
				2C9B44E4299C68ED00EE5232 /* OnboardFeature.swift in Sources */,
				2C9B44E8299C697600EE5232 /* OnboardingContainerView.swift in Sources */,
				2C262B1A298A1A54004C622C /* SFSymbols.swift in Sources */,
				2C7AC3D3299AE94300BC9D10 /* UserDefaultsKey.swift in Sources */,
				2C5F7A07299DC0390008BADB /* UserDefaultWrapper.swift in Sources */,
				2C9B44E6299C692C00EE5232 /* OnboardingView.swift in Sources */,
				2C7AC3D8299AEE4C00BC9D10 /* AppState.swift in Sources */,
				2C5F7A0F299DC1180008BADB /* PreferenceWrapper.swift in Sources */,
				2C262B18298A1A4A004C622C /* Constants.swift in Sources */,
				2C262B10298A19D4004C622C /* TaskStatus.swift in Sources */,
				2C5F7A11299DC1310008BADB /* SchemeType.swift in Sources */,
				2C7AC3D6299AEE0E00BC9D10 /* PendingView.swift in Sources */,
				2C9B44DE299C63E900EE5232 /* AppDelegate.swift in Sources */,
				2C8C35ED2984934E00DCEA67 /* TaskGuruApp.swift in Sources */,
			);
			runOnlyForDeploymentPostprocessing = 0;
		};
/* End PBXSourcesBuildPhase section */

/* Begin XCBuildConfiguration section */
		2C8C35F52984934E00DCEA67 /* Debug */ = {
			isa = XCBuildConfiguration;
			buildSettings = {
				ALWAYS_SEARCH_USER_PATHS = NO;
				CLANG_ANALYZER_NONNULL = YES;
				CLANG_ANALYZER_NUMBER_OBJECT_CONVERSION = YES_AGGRESSIVE;
				CLANG_CXX_LANGUAGE_STANDARD = "gnu++20";
				CLANG_ENABLE_MODULES = YES;
				CLANG_ENABLE_OBJC_ARC = YES;
				CLANG_ENABLE_OBJC_WEAK = YES;
				CLANG_WARN_BLOCK_CAPTURE_AUTORELEASING = YES;
				CLANG_WARN_BOOL_CONVERSION = YES;
				CLANG_WARN_COMMA = YES;
				CLANG_WARN_CONSTANT_CONVERSION = YES;
				CLANG_WARN_DEPRECATED_OBJC_IMPLEMENTATIONS = YES;
				CLANG_WARN_DIRECT_OBJC_ISA_USAGE = YES_ERROR;
				CLANG_WARN_DOCUMENTATION_COMMENTS = YES;
				CLANG_WARN_EMPTY_BODY = YES;
				CLANG_WARN_ENUM_CONVERSION = YES;
				CLANG_WARN_INFINITE_RECURSION = YES;
				CLANG_WARN_INT_CONVERSION = YES;
				CLANG_WARN_NON_LITERAL_NULL_CONVERSION = YES;
				CLANG_WARN_OBJC_IMPLICIT_RETAIN_SELF = YES;
				CLANG_WARN_OBJC_LITERAL_CONVERSION = YES;
				CLANG_WARN_OBJC_ROOT_CLASS = YES_ERROR;
				CLANG_WARN_QUOTED_INCLUDE_IN_FRAMEWORK_HEADER = YES;
				CLANG_WARN_RANGE_LOOP_ANALYSIS = YES;
				CLANG_WARN_STRICT_PROTOTYPES = YES;
				CLANG_WARN_SUSPICIOUS_MOVE = YES;
				CLANG_WARN_UNGUARDED_AVAILABILITY = YES_AGGRESSIVE;
				CLANG_WARN_UNREACHABLE_CODE = YES;
				CLANG_WARN__DUPLICATE_METHOD_MATCH = YES;
				COPY_PHASE_STRIP = NO;
				DEBUG_INFORMATION_FORMAT = dwarf;
				ENABLE_STRICT_OBJC_MSGSEND = YES;
				ENABLE_TESTABILITY = YES;
				GCC_C_LANGUAGE_STANDARD = gnu11;
				GCC_DYNAMIC_NO_PIC = NO;
				GCC_NO_COMMON_BLOCKS = YES;
				GCC_OPTIMIZATION_LEVEL = 0;
				GCC_PREPROCESSOR_DEFINITIONS = (
					"DEBUG=1",
					"$(inherited)",
				);
				GCC_WARN_64_TO_32_BIT_CONVERSION = YES;
				GCC_WARN_ABOUT_RETURN_TYPE = YES_ERROR;
				GCC_WARN_UNDECLARED_SELECTOR = YES;
				GCC_WARN_UNINITIALIZED_AUTOS = YES_AGGRESSIVE;
				GCC_WARN_UNUSED_FUNCTION = YES;
				GCC_WARN_UNUSED_VARIABLE = YES;
				IPHONEOS_DEPLOYMENT_TARGET = 16.0;
				MTL_ENABLE_DEBUG_INFO = INCLUDE_SOURCE;
				MTL_FAST_MATH = YES;
				ONLY_ACTIVE_ARCH = YES;
				SDKROOT = iphoneos;
				SWIFT_ACTIVE_COMPILATION_CONDITIONS = DEBUG;
				SWIFT_OPTIMIZATION_LEVEL = "-Onone";
			};
			name = Debug;
		};
		2C8C35F62984934E00DCEA67 /* Release */ = {
			isa = XCBuildConfiguration;
			buildSettings = {
				ALWAYS_SEARCH_USER_PATHS = NO;
				CLANG_ANALYZER_NONNULL = YES;
				CLANG_ANALYZER_NUMBER_OBJECT_CONVERSION = YES_AGGRESSIVE;
				CLANG_CXX_LANGUAGE_STANDARD = "gnu++20";
				CLANG_ENABLE_MODULES = YES;
				CLANG_ENABLE_OBJC_ARC = YES;
				CLANG_ENABLE_OBJC_WEAK = YES;
				CLANG_WARN_BLOCK_CAPTURE_AUTORELEASING = YES;
				CLANG_WARN_BOOL_CONVERSION = YES;
				CLANG_WARN_COMMA = YES;
				CLANG_WARN_CONSTANT_CONVERSION = YES;
				CLANG_WARN_DEPRECATED_OBJC_IMPLEMENTATIONS = YES;
				CLANG_WARN_DIRECT_OBJC_ISA_USAGE = YES_ERROR;
				CLANG_WARN_DOCUMENTATION_COMMENTS = YES;
				CLANG_WARN_EMPTY_BODY = YES;
				CLANG_WARN_ENUM_CONVERSION = YES;
				CLANG_WARN_INFINITE_RECURSION = YES;
				CLANG_WARN_INT_CONVERSION = YES;
				CLANG_WARN_NON_LITERAL_NULL_CONVERSION = YES;
				CLANG_WARN_OBJC_IMPLICIT_RETAIN_SELF = YES;
				CLANG_WARN_OBJC_LITERAL_CONVERSION = YES;
				CLANG_WARN_OBJC_ROOT_CLASS = YES_ERROR;
				CLANG_WARN_QUOTED_INCLUDE_IN_FRAMEWORK_HEADER = YES;
				CLANG_WARN_RANGE_LOOP_ANALYSIS = YES;
				CLANG_WARN_STRICT_PROTOTYPES = YES;
				CLANG_WARN_SUSPICIOUS_MOVE = YES;
				CLANG_WARN_UNGUARDED_AVAILABILITY = YES_AGGRESSIVE;
				CLANG_WARN_UNREACHABLE_CODE = YES;
				CLANG_WARN__DUPLICATE_METHOD_MATCH = YES;
				COPY_PHASE_STRIP = NO;
				DEBUG_INFORMATION_FORMAT = "dwarf-with-dsym";
				ENABLE_NS_ASSERTIONS = NO;
				ENABLE_STRICT_OBJC_MSGSEND = YES;
				GCC_C_LANGUAGE_STANDARD = gnu11;
				GCC_NO_COMMON_BLOCKS = YES;
				GCC_WARN_64_TO_32_BIT_CONVERSION = YES;
				GCC_WARN_ABOUT_RETURN_TYPE = YES_ERROR;
				GCC_WARN_UNDECLARED_SELECTOR = YES;
				GCC_WARN_UNINITIALIZED_AUTOS = YES_AGGRESSIVE;
				GCC_WARN_UNUSED_FUNCTION = YES;
				GCC_WARN_UNUSED_VARIABLE = YES;
				IPHONEOS_DEPLOYMENT_TARGET = 16.0;
				MTL_ENABLE_DEBUG_INFO = NO;
				MTL_FAST_MATH = YES;
				SDKROOT = iphoneos;
				SWIFT_COMPILATION_MODE = wholemodule;
				SWIFT_OPTIMIZATION_LEVEL = "-O";
				VALIDATE_PRODUCT = YES;
			};
			name = Release;
		};
		2C8C35F82984934E00DCEA67 /* Debug */ = {
			isa = XCBuildConfiguration;
			buildSettings = {
				ASSETCATALOG_COMPILER_APPICON_NAME = AppIcon;
				ASSETCATALOG_COMPILER_GLOBAL_ACCENT_COLOR_NAME = AccentColor;
				CODE_SIGN_STYLE = Automatic;
				CURRENT_PROJECT_VERSION = 3;
				DEVELOPMENT_ASSET_PATHS = "\"TaskGuru/Preview Content\"";
				ENABLE_PREVIEWS = YES;
				GENERATE_INFOPLIST_FILE = YES;
				INFOPLIST_KEY_CFBundleDisplayName = TaskGuru;
				INFOPLIST_KEY_LSApplicationCategoryType = "public.app-category.utilities";
				INFOPLIST_KEY_UIApplicationSceneManifest_Generation = YES;
				INFOPLIST_KEY_UIApplicationSupportsIndirectInputEvents = YES;
				INFOPLIST_KEY_UILaunchScreen_Generation = YES;
				INFOPLIST_KEY_UILaunchStoryboardName = "Launch Screen.storyboard";
				INFOPLIST_KEY_UISupportedInterfaceOrientations_iPad = "UIInterfaceOrientationPortrait UIInterfaceOrientationPortraitUpsideDown UIInterfaceOrientationLandscapeLeft UIInterfaceOrientationLandscapeRight";
				INFOPLIST_KEY_UISupportedInterfaceOrientations_iPhone = "UIInterfaceOrientationPortrait UIInterfaceOrientationLandscapeLeft UIInterfaceOrientationLandscapeRight";
				IPHONEOS_DEPLOYMENT_TARGET = 16.0;
				LD_RUNPATH_SEARCH_PATHS = (
					"$(inherited)",
					"@executable_path/Frameworks",
				);
				MARKETING_VERSION = 1.0;
				PRODUCT_BUNDLE_IDENTIFIER = gbc.comp3097.TaskGuru;
				PRODUCT_NAME = "$(TARGET_NAME)";
				SUPPORTED_PLATFORMS = "iphoneos iphonesimulator";
				SUPPORTS_MACCATALYST = NO;
				SUPPORTS_MAC_DESIGNED_FOR_IPHONE_IPAD = NO;
				SWIFT_EMIT_LOC_STRINGS = YES;
				SWIFT_VERSION = 5.0;
				TARGETED_DEVICE_FAMILY = 1;
			};
			name = Debug;
		};
		2C8C35F92984934E00DCEA67 /* Release */ = {
			isa = XCBuildConfiguration;
			buildSettings = {
				ASSETCATALOG_COMPILER_APPICON_NAME = AppIcon;
				ASSETCATALOG_COMPILER_GLOBAL_ACCENT_COLOR_NAME = AccentColor;
				CODE_SIGN_STYLE = Automatic;
				CURRENT_PROJECT_VERSION = 3;
				DEVELOPMENT_ASSET_PATHS = "\"TaskGuru/Preview Content\"";
				ENABLE_PREVIEWS = YES;
				GENERATE_INFOPLIST_FILE = YES;
				INFOPLIST_KEY_CFBundleDisplayName = TaskGuru;
				INFOPLIST_KEY_LSApplicationCategoryType = "public.app-category.utilities";
				INFOPLIST_KEY_UIApplicationSceneManifest_Generation = YES;
				INFOPLIST_KEY_UIApplicationSupportsIndirectInputEvents = YES;
				INFOPLIST_KEY_UILaunchScreen_Generation = YES;
				INFOPLIST_KEY_UILaunchStoryboardName = "Launch Screen.storyboard";
				INFOPLIST_KEY_UISupportedInterfaceOrientations_iPad = "UIInterfaceOrientationPortrait UIInterfaceOrientationPortraitUpsideDown UIInterfaceOrientationLandscapeLeft UIInterfaceOrientationLandscapeRight";
				INFOPLIST_KEY_UISupportedInterfaceOrientations_iPhone = "UIInterfaceOrientationPortrait UIInterfaceOrientationLandscapeLeft UIInterfaceOrientationLandscapeRight";
				IPHONEOS_DEPLOYMENT_TARGET = 16.0;
				LD_RUNPATH_SEARCH_PATHS = (
					"$(inherited)",
					"@executable_path/Frameworks",
				);
				MARKETING_VERSION = 1.0;
				PRODUCT_BUNDLE_IDENTIFIER = gbc.comp3097.TaskGuru;
				PRODUCT_NAME = "$(TARGET_NAME)";
				SUPPORTED_PLATFORMS = "iphoneos iphonesimulator";
				SUPPORTS_MACCATALYST = NO;
				SUPPORTS_MAC_DESIGNED_FOR_IPHONE_IPAD = NO;
				SWIFT_EMIT_LOC_STRINGS = YES;
				SWIFT_VERSION = 5.0;
				TARGETED_DEVICE_FAMILY = 1;
			};
			name = Release;
		};
/* End XCBuildConfiguration section */

/* Begin XCConfigurationList section */
		2C8C35E42984934E00DCEA67 /* Build configuration list for PBXProject "TaskGuru" */ = {
			isa = XCConfigurationList;
			buildConfigurations = (
				2C8C35F52984934E00DCEA67 /* Debug */,
				2C8C35F62984934E00DCEA67 /* Release */,
			);
			defaultConfigurationIsVisible = 0;
			defaultConfigurationName = Release;
		};
		2C8C35F72984934E00DCEA67 /* Build configuration list for PBXNativeTarget "TaskGuru" */ = {
			isa = XCConfigurationList;
			buildConfigurations = (
				2C8C35F82984934E00DCEA67 /* Debug */,
				2C8C35F92984934E00DCEA67 /* Release */,
			);
			defaultConfigurationIsVisible = 0;
			defaultConfigurationName = Release;
		};
/* End XCConfigurationList section */
	};
	rootObject = 2C8C35E12984934E00DCEA67 /* Project object */;
}
